github.com/ctx42/testing v0.40.0 h1:l+NFvXky0l48NqcjApiQ7JRq2W0hwUcDcg8FxvrMgTo=
github.com/ctx42/testing v0.40.0/go.mod h1:VHcxY4uhZQ8Lewevgmc9WHjJQc9CopJm9IAOTK5XbaM=
github.com/ctx42/testing v0.42.4 h1:17VHobYac1jyyId2YfOzhEEDxeWItgm2oNljgLrkHSQ=
github.com/ctx42/testing v0.42.4/go.mod h1:VHcxY4uhZQ8Lewevgmc9WHjJQc9CopJm9IAOTK5XbaM=
